
Microsoft Visual Studio Solution File, Format Version 12.00
# Visual Studio Version 17
VisualStudioVersion = 17.3.32901.215
MinimumVisualStudioVersion = 10.0.40219.1
Project("{9A19103F-16F7-4668-BE54-9A1E7A4F7556}") = "KlingelnbergMachinesInformation.Api", "KlingelnbergMachinesInformation.Api\KlingelnbergMachinesInformation.Api.csproj", "{D5A0121C-E58F-463E-8A8E-5D04EC1A4EF0}"
EndProject
Project("{FAE04EC0-301F-11D3-BF4B-00C04F79EFBC}") = "KlingelnbergMachinesInformation.Server", "KlingelnbergMachinesInformation.Server\KlingelnbergMachinesInformation.Server.csproj", "{CC743EF6-4AB6-4772-AB98-3C21695611A6}"
EndProject
Global
	GlobalSection(SolutionConfigurationPlatforms) = preSolution
		Debug|Any CPU = Debug|Any CPU
		Release|Any CPU = Release|Any CPU
	EndGlobalSection
	GlobalSection(ProjectConfigurationPlatforms) = postSolution
		{D5A0121C-E58F-463E-8A8E-5D04EC1A4EF0}.Debug|Any CPU.ActiveCfg = Debug|Any CPU
		{D5A0121C-E58F-463E-8A8E-5D04EC1A4EF0}.Debug|Any CPU.Build.0 = Debug|Any CPU
		{D5A0121C-E58F-463E-8A8E-5D04EC1A4EF0}.Release|Any CPU.ActiveCfg = Release|Any CPU
		{D5A0121C-E58F-463E-8A8E-5D04EC1A4EF0}.Release|Any CPU.Build.0 = Release|Any CPU
		{CC743EF6-4AB6-4772-AB98-3C21695611A6}.Debug|Any CPU.ActiveCfg = Debug|Any CPU
		{CC743EF6-4AB6-4772-AB98-3C21695611A6}.Debug|Any CPU.Build.0 = Debug|Any CPU
		{CC743EF6-4AB6-4772-AB98-3C21695611A6}.Release|Any CPU.ActiveCfg = Release|Any CPU
		{CC743EF6-4AB6-4772-AB98-3C21695611A6}.Release|Any CPU.Build.0 = Release|Any CPU
	EndGlobalSection
	GlobalSection(SolutionProperties) = preSolution
		HideSolutionNode = FALSE
	EndGlobalSection
	GlobalSection(ExtensibilityGlobals) = postSolution
		SolutionGuid = {2F9475B1-8389-4708-8B12-98664CAB8BA2}
	EndGlobalSection
EndGlobal
